
Microsoft Visual Studio Solution File, Format Version 12.00
# Visual Studio Version 16
VisualStudioVersion = 16.0.28606.126
MinimumVisualStudioVersion = 10.0.40219.1
Project("{FAE04EC0-301F-11D3-BF4B-00C04F79EFBC}") = "Publicizer", "Publicizer\Publicizer.csproj", "{8C077AB9-DA56-429E-87EF-A1071F634018}"
EndProject
Global
	GlobalSection(SolutionConfigurationPlatforms) = preSolution
		Debug|Any CPU = Debug|Any CPU
		Release|Any CPU = Release|Any CPU
	EndGlobalSection
	GlobalSection(ProjectConfigurationPlatforms) = postSolution
		{8C077AB9-DA56-429E-87EF-A1071F634018}.Debug|Any CPU.ActiveCfg = Debug|Any CPU
		{8C077AB9-DA56-429E-87EF-A1071F634018}.Debug|Any CPU.Build.0 = Debug|Any CPU
		{8C077AB9-DA56-429E-87EF-A1071F634018}.Release|Any CPU.ActiveCfg = Release|Any CPU
		{8C077AB9-DA56-429E-87EF-A1071F634018}.Release|Any CPU.Build.0 = Release|Any CPU
	EndGlobalSection
	GlobalSection(SolutionProperties) = preSolution
		HideSolutionNode = FALSE
	EndGlobalSection
	GlobalSection(ExtensibilityGlobals) = postSolution
		SolutionGuid = {A1FF4A98-867A-44F3-BEFF-3BF813D28FBB}
	EndGlobalSection
EndGlobal
